
Microsoft Visual Studio Solution File, Format Version 12.00
# Visual Studio Version 16
VisualStudioVersion = 16.0.31911.196
MinimumVisualStudioVersion = 10.0.40219.1
Project("{9A19103F-16F7-4668-BE54-9A1E7A4F7556}") = "Business", "Business\Business.csproj", "{AC7CEDEF-8BFD-4444-BD58-4A052DBC4241}"
EndProject
Project("{9A19103F-16F7-4668-BE54-9A1E7A4F7556}") = "DataAccess", "DataAccess\DataAccess.csproj", "{C7FEA772-F343-4671-960B-0EEF6860F7F8}"
EndProject
Project("{9A19103F-16F7-4668-BE54-9A1E7A4F7556}") = "Core", "Core\Core.csproj", "{D43B91CE-CCA5-4B4F-859E-692524B3C6F5}"
EndProject
Project("{9A19103F-16F7-4668-BE54-9A1E7A4F7556}") = "Entities", "Entities\Entities.csproj", "{4C808F01-C026-464C-81DE-C89727C4B15A}"
EndProject
Project("{9A19103F-16F7-4668-BE54-9A1E7A4F7556}") = "WebAPI", "WebAPI\WebAPI.csproj", "{4340D3D3-4574-4A1E-BDE3-B8C590C2213B}"
EndProject
Project("{FAE04EC0-301F-11D3-BF4B-00C04F79EFBC}") = "ConsoleUI", "ConsoleUI\ConsoleUI.csproj", "{06394705-AF0D-4A0B-B9A3-B778075A45EA}"
EndProject
Global
	GlobalSection(SolutionConfigurationPlatforms) = preSolution
		Debug|Any CPU = Debug|Any CPU
		Release|Any CPU = Release|Any CPU
	EndGlobalSection
	GlobalSection(ProjectConfigurationPlatforms) = postSolution
		{AC7CEDEF-8BFD-4444-BD58-4A052DBC4241}.Debug|Any CPU.ActiveCfg = Debug|Any CPU
		{AC7CEDEF-8BFD-4444-BD58-4A052DBC4241}.Debug|Any CPU.Build.0 = Debug|Any CPU
		{AC7CEDEF-8BFD-4444-BD58-4A052DBC4241}.Release|Any CPU.ActiveCfg = Release|Any CPU
		{AC7CEDEF-8BFD-4444-BD58-4A052DBC4241}.Release|Any CPU.Build.0 = Release|Any CPU
		{C7FEA772-F343-4671-960B-0EEF6860F7F8}.Debug|Any CPU.ActiveCfg = Debug|Any CPU
		{C7FEA772-F343-4671-960B-0EEF6860F7F8}.Debug|Any CPU.Build.0 = Debug|Any CPU
		{C7FEA772-F343-4671-960B-0EEF6860F7F8}.Release|Any CPU.ActiveCfg = Release|Any CPU
		{C7FEA772-F343-4671-960B-0EEF6860F7F8}.Release|Any CPU.Build.0 = Release|Any CPU
		{D43B91CE-CCA5-4B4F-859E-692524B3C6F5}.Debug|Any CPU.ActiveCfg = Debug|Any CPU
		{D43B91CE-CCA5-4B4F-859E-692524B3C6F5}.Debug|Any CPU.Build.0 = Debug|Any CPU
		{D43B91CE-CCA5-4B4F-859E-692524B3C6F5}.Release|Any CPU.ActiveCfg = Release|Any CPU
		{D43B91CE-CCA5-4B4F-859E-692524B3C6F5}.Release|Any CPU.Build.0 = Release|Any CPU
		{4C808F01-C026-464C-81DE-C89727C4B15A}.Debug|Any CPU.ActiveCfg = Debug|Any CPU
		{4C808F01-C026-464C-81DE-C89727C4B15A}.Debug|Any CPU.Build.0 = Debug|Any CPU
		{4C808F01-C026-464C-81DE-C89727C4B15A}.Release|Any CPU.ActiveCfg = Release|Any CPU
		{4C808F01-C026-464C-81DE-C89727C4B15A}.Release|Any CPU.Build.0 = Release|Any CPU
		{4340D3D3-4574-4A1E-BDE3-B8C590C2213B}.Debug|Any CPU.ActiveCfg = Debug|Any CPU
		{4340D3D3-4574-4A1E-BDE3-B8C590C2213B}.Debug|Any CPU.Build.0 = Debug|Any CPU
		{4340D3D3-4574-4A1E-BDE3-B8C590C2213B}.Release|Any CPU.ActiveCfg = Release|Any CPU
		{4340D3D3-4574-4A1E-BDE3-B8C590C2213B}.Release|Any CPU.Build.0 = Release|Any CPU
		{06394705-AF0D-4A0B-B9A3-B778075A45EA}.Debug|Any CPU.ActiveCfg = Debug|Any CPU
		{06394705-AF0D-4A0B-B9A3-B778075A45EA}.Debug|Any CPU.Build.0 = Debug|Any CPU
		{06394705-AF0D-4A0B-B9A3-B778075A45EA}.Release|Any CPU.ActiveCfg = Release|Any CPU
		{06394705-AF0D-4A0B-B9A3-B778075A45EA}.Release|Any CPU.Build.0 = Release|Any CPU
	EndGlobalSection
	GlobalSection(SolutionProperties) = preSolution
		HideSolutionNode = FALSE
	EndGlobalSection
	GlobalSection(ExtensibilityGlobals) = postSolution
		SolutionGuid = {E6202F9C-F4AD-44A5-811E-32CF55F70CDE}
	EndGlobalSection
EndGlobal
